
Microsoft Visual Studio Solution File, Format Version 12.00
# Visual Studio Version 17
VisualStudioVersion = 17.13.35828.75
MinimumVisualStudioVersion = 10.0.40219.1
Project("{FAE04EC0-301F-11D3-BF4B-00C04F79EFBC}") = "WorkWithTextLibrary", "WorkWithTextLibrary\WorkWithTextLibrary.csproj", "{90AABC02-89A2-4F69-B3A9-174B76EB2FCD}"
EndProject
Project("{2150E333-8FDC-42A3-9474-1A3956D46DE8}") = "Solution Items", "Solution Items", "{8EC462FD-D22E-90A8-E5CE-7E832BA40C5D}"
	ProjectSection(SolutionItems) = preProject
		hometask.excalidraw.png = hometask.excalidraw.png
	EndProjectSection
EndProject
Global
	GlobalSection(SolutionConfigurationPlatforms) = preSolution
		Debug|Any CPU = Debug|Any CPU
		Release|Any CPU = Release|Any CPU
	EndGlobalSection
	GlobalSection(ProjectConfigurationPlatforms) = postSolution
		{90AABC02-89A2-4F69-B3A9-174B76EB2FCD}.Debug|Any CPU.ActiveCfg = Debug|Any CPU
		{90AABC02-89A2-4F69-B3A9-174B76EB2FCD}.Debug|Any CPU.Build.0 = Debug|Any CPU
		{90AABC02-89A2-4F69-B3A9-174B76EB2FCD}.Release|Any CPU.ActiveCfg = Release|Any CPU
		{90AABC02-89A2-4F69-B3A9-174B76EB2FCD}.Release|Any CPU.Build.0 = Release|Any CPU
	EndGlobalSection
	GlobalSection(SolutionProperties) = preSolution
		HideSolutionNode = FALSE
	EndGlobalSection
	GlobalSection(ExtensibilityGlobals) = postSolution
		SolutionGuid = {1C21C773-6942-4F2B-B75F-E474A9BC7348}
	EndGlobalSection
EndGlobal
